{
  "name": "vue_webhook",
  "version": "1.0.0",
  "lockfileVersion": 1,
  "requires": true,
  "dependencies": {
    "nodemailer": {
      "version": "6.6.3",
      "resolved": "https://registry.nlark.com/nodemailer/download/nodemailer-6.6.3.tgz",
      "integrity": "sha1-MftT3U2K4W/AiKZcuf+o2Simm0g="
    }
  }
}
